
Microsoft Visual Studio Solution File, Format Version 12.00
# Visual Studio 15
VisualStudioVersion = 15.0.26430.15
MinimumVisualStudioVersion = 10.0.40219.1
Project("{D954291E-2A0B-460D-934E-DC6B0785DB48}") = "ReactiveUI.XamlForms.Sample", "ReactiveUI.XamlForms.Sample\ReactiveUI.XamlForms.Sample.shproj", "{C020942B-9305-44C2-B706-3C0393CCC152}"
EndProject
Project("{FAE04EC0-301F-11D3-BF4B-00C04F79EFBC}") = "ReactiveUI.XamlForms.Sample.Droid", "ReactiveUI.XamlForms.Sample.Droid\ReactiveUI.XamlForms.Sample.Droid.csproj", "{8700B73B-DE05-4FC4-9E0E-19FD67E81E1A}"
EndProject
Project("{FAE04EC0-301F-11D3-BF4B-00C04F79EFBC}") = "ReactiveUI.XamlForms.Sample.iOS", "ReactiveUI.XamlForms.Sample.iOS\ReactiveUI.XamlForms.Sample.iOS.csproj", "{95429F1F-64D5-44EF-9967-DFEAD224768B}"
EndProject
Project("{9A19103F-16F7-4668-BE54-9A1E7A4F7556}") = "ReactiveUI.Sample.NetStandard", "ReactiveUI.Sample.NetStandard\ReactiveUI.Sample.NetStandard.csproj", "{00270EE5-E4A1-4EE3-AC41-A012D9B38228}"
EndProject
Project("{FAE04EC0-301F-11D3-BF4B-00C04F79EFBC}") = "Akavache.Duck.Android", "Akavache.Duck.Android\Akavache.Duck.Android.csproj", "{56A5A9FE-62BE-4ADB-950B-911D282F1D8F}"
EndProject
Project("{FAE04EC0-301F-11D3-BF4B-00C04F79EFBC}") = "Akavache.Duck.iOS", "Akavache.Duck.iOS\Akavache.Duck.iOS.csproj", "{EF293F28-C20C-4504-AD5A-1E36141EBECD}"
EndProject
Project("{FAE04EC0-301F-11D3-BF4B-00C04F79EFBC}") = "Akavache.Duck.UWP", "Akavache.Duck.UWP\Akavache.Duck.UWP.csproj", "{A68FD7C1-1E9C-4DBC-99FD-47A646CCC8D8}"
EndProject
Project("{2150E333-8FDC-42A3-9474-1A3956D46DE8}") = "Akavache", "Akavache", "{006E6BBA-D4BF-441F-AC3A-B8B1F5EDD1FE}"
EndProject
Project("{FAE04EC0-301F-11D3-BF4B-00C04F79EFBC}") = "ReactiveUI.XamlForms.Sample.UAP", "ReactiveUI.XamlForms.Sample.UAP\ReactiveUI.XamlForms.Sample.UAP.csproj", "{3818128F-EEDB-43A7-985D-C6AF39D331BE}"
EndProject
Global
	GlobalSection(SharedMSBuildProjectFiles) = preSolution
		ReactiveUI.XamlForms.Sample\ReactiveUI.XamlForms.Sample.projitems*{3818128f-eedb-43a7-985d-c6af39d331be}*SharedItemsImports = 4
		ReactiveUI.XamlForms.Sample\ReactiveUI.XamlForms.Sample.projitems*{8700b73b-de05-4fc4-9e0e-19fd67e81e1a}*SharedItemsImports = 4
		ReactiveUI.XamlForms.Sample\ReactiveUI.XamlForms.Sample.projitems*{95429f1f-64d5-44ef-9967-dfead224768b}*SharedItemsImports = 4
		ReactiveUI.XamlForms.Sample\ReactiveUI.XamlForms.Sample.projitems*{c020942b-9305-44c2-b706-3c0393ccc152}*SharedItemsImports = 13
	EndGlobalSection
	GlobalSection(SolutionConfigurationPlatforms) = preSolution
		Ad-Hoc|Any CPU = Ad-Hoc|Any CPU
		Ad-Hoc|ARM = Ad-Hoc|ARM
		Ad-Hoc|iPhone = Ad-Hoc|iPhone
		Ad-Hoc|iPhoneSimulator = Ad-Hoc|iPhoneSimulator
		Ad-Hoc|x64 = Ad-Hoc|x64
		Ad-Hoc|x86 = Ad-Hoc|x86
		AppStore|Any CPU = AppStore|Any CPU
		AppStore|ARM = AppStore|ARM
		AppStore|iPhone = AppStore|iPhone
		AppStore|iPhoneSimulator = AppStore|iPhoneSimulator
		AppStore|x64 = AppStore|x64
		AppStore|x86 = AppStore|x86
		Debug|Any CPU = Debug|Any CPU
		Debug|ARM = Debug|ARM
		Debug|iPhone = Debug|iPhone
		Debug|iPhoneSimulator = Debug|iPhoneSimulator
		Debug|x64 = Debug|x64
		Debug|x86 = Debug|x86
		Release|Any CPU = Release|Any CPU
		Release|ARM = Release|ARM
		Release|iPhone = Release|iPhone
		Release|iPhoneSimulator = Release|iPhoneSimulator
		Release|x64 = Release|x64
		Release|x86 = Release|x86
	EndGlobalSection
	GlobalSection(ProjectConfigurationPlatforms) = postSolution
		{8700B73B-DE05-4FC4-9E0E-19FD67E81E1A}.Ad-Hoc|Any CPU.ActiveCfg = Release|Any CPU
		{8700B73B-DE05-4FC4-9E0E-19FD67E81E1A}.Ad-Hoc|Any CPU.Build.0 = Release|Any CPU
		{8700B73B-DE05-4FC4-9E0E-19FD67E81E1A}.Ad-Hoc|Any CPU.Deploy.0 = Release|Any CPU
		{8700B73B-DE05-4FC4-9E0E-19FD67E81E1A}.Ad-Hoc|ARM.ActiveCfg = Release|Any CPU
		{8700B73B-DE05-4FC4-9E0E-19FD67E81E1A}.Ad-Hoc|ARM.Build.0 = Release|Any CPU
		{8700B73B-DE05-4FC4-9E0E-19FD67E81E1A}.Ad-Hoc|ARM.Deploy.0 = Release|Any CPU
		{8700B73B-DE05-4FC4-9E0E-19FD67E81E1A}.Ad-Hoc|iPhone.ActiveCfg = Release|Any CPU
		{8700B73B-DE05-4FC4-9E0E-19FD67E81E1A}.Ad-Hoc|iPhone.Build.0 = Release|Any CPU
		{8700B73B-DE05-4FC4-9E0E-19FD67E81E1A}.Ad-Hoc|iPhone.Deploy.0 = Release|Any CPU
		{8700B73B-DE05-4FC4-9E0E-19FD67E81E1A}.Ad-Hoc|iPhoneSimulator.ActiveCfg = Release|Any CPU
		{8700B73B-DE05-4FC4-9E0E-19FD67E81E1A}.Ad-Hoc|iPhoneSimulator.Build.0 = Release|Any CPU
		{8700B73B-DE05-4FC4-9E0E-19FD67E81E1A}.Ad-Hoc|iPhoneSimulator.Deploy.0 = Release|Any CPU
		{8700B73B-DE05-4FC4-9E0E-19FD67E81E1A}.Ad-Hoc|x64.ActiveCfg = Release|Any CPU
		{8700B73B-DE05-4FC4-9E0E-19FD67E81E1A}.Ad-Hoc|x64.Build.0 = Release|Any CPU
		{8700B73B-DE05-4FC4-9E0E-19FD67E81E1A}.Ad-Hoc|x64.Deploy.0 = Release|Any CPU
		{8700B73B-DE05-4FC4-9E0E-19FD67E81E1A}.Ad-Hoc|x86.ActiveCfg = Release|Any CPU
		{8700B73B-DE05-4FC4-9E0E-19FD67E81E1A}.Ad-Hoc|x86.Build.0 = Release|Any CPU
		{8700B73B-DE05-4FC4-9E0E-19FD67E81E1A}.Ad-Hoc|x86.Deploy.0 = Release|Any CPU
		{8700B73B-DE05-4FC4-9E0E-19FD67E81E1A}.AppStore|Any CPU.ActiveCfg = Release|Any CPU
		{8700B73B-DE05-4FC4-9E0E-19FD67E81E1A}.AppStore|Any CPU.Build.0 = Release|Any CPU
		{8700B73B-DE05-4FC4-9E0E-19FD67E81E1A}.AppStore|Any CPU.Deploy.0 = Release|Any CPU
		{8700B73B-DE05-4FC4-9E0E-19FD67E81E1A}.AppStore|ARM.ActiveCfg = Release|Any CPU
		{8700B73B-DE05-4FC4-9E0E-19FD67E81E1A}.AppStore|ARM.Build.0 = Release|Any CPU
		{8700B73B-DE05-4FC4-9E0E-19FD67E81E1A}.AppStore|ARM.Deploy.0 = Release|Any CPU
		{8700B73B-DE05-4FC4-9E0E-19FD67E81E1A}.AppStore|iPhone.ActiveCfg = Release|Any CPU
		{8700B73B-DE05-4FC4-9E0E-19FD67E81E1A}.AppStore|iPhone.Build.0 = Release|Any CPU
		{8700B73B-DE05-4FC4-9E0E-19FD67E81E1A}.AppStore|iPhone.Deploy.0 = Release|Any CPU
		{8700B73B-DE05-4FC4-9E0E-19FD67E81E1A}.AppStore|iPhoneSimulator.ActiveCfg = Release|Any CPU
		{8700B73B-DE05-4FC4-9E0E-19FD67E81E1A}.AppStore|iPhoneSimulator.Build.0 = Release|Any CPU
		{8700B73B-DE05-4FC4-9E0E-19FD67E81E1A}.AppStore|iPhoneSimulator.Deploy.0 = Release|Any CPU
		{8700B73B-DE05-4FC4-9E0E-19FD67E81E1A}.AppStore|x64.ActiveCfg = Release|Any CPU
		{8700B73B-DE05-4FC4-9E0E-19FD67E81E1A}.AppStore|x64.Build.0 = Release|Any CPU
		{8700B73B-DE05-4FC4-9E0E-19FD67E81E1A}.AppStore|x64.Deploy.0 = Release|Any CPU
		{8700B73B-DE05-4FC4-9E0E-19FD67E81E1A}.AppStore|x86.ActiveCfg = Release|Any CPU
		{8700B73B-DE05-4FC4-9E0E-19FD67E81E1A}.AppStore|x86.Build.0 = Release|Any CPU
		{8700B73B-DE05-4FC4-9E0E-19FD67E81E1A}.AppStore|x86.Deploy.0 = Release|Any CPU
		{8700B73B-DE05-4FC4-9E0E-19FD67E81E1A}.Debug|Any CPU.ActiveCfg = Debug|Any CPU
		{8700B73B-DE05-4FC4-9E0E-19FD67E81E1A}.Debug|Any CPU.Build.0 = Debug|Any CPU
		{8700B73B-DE05-4FC4-9E0E-19FD67E81E1A}.Debug|Any CPU.Deploy.0 = Debug|Any CPU
		{8700B73B-DE05-4FC4-9E0E-19FD67E81E1A}.Debug|ARM.ActiveCfg = Debug|Any CPU
		{8700B73B-DE05-4FC4-9E0E-19FD67E81E1A}.Debug|ARM.Build.0 = Debug|Any CPU
		{8700B73B-DE05-4FC4-9E0E-19FD67E81E1A}.Debug|ARM.Deploy.0 = Debug|Any CPU
		{8700B73B-DE05-4FC4-9E0E-19FD67E81E1A}.Debug|iPhone.ActiveCfg = Debug|Any CPU
		{8700B73B-DE05-4FC4-9E0E-19FD67E81E1A}.Debug|iPhone.Build.0 = Debug|Any CPU
		{8700B73B-DE05-4FC4-9E0E-19FD67E81E1A}.Debug|iPhone.Deploy.0 = Debug|Any CPU
		{8700B73B-DE05-4FC4-9E0E-19FD67E81E1A}.Debug|iPhoneSimulator.ActiveCfg = Debug|Any CPU
		{8700B73B-DE05-4FC4-9E0E-19FD67E81E1A}.Debug|iPhoneSimulator.Build.0 = Debug|Any CPU
		{8700B73B-DE05-4FC4-9E0E-19FD67E81E1A}.Debug|iPhoneSimulator.Deploy.0 = Debug|Any CPU
		{8700B73B-DE05-4FC4-9E0E-19FD67E81E1A}.Debug|x64.ActiveCfg = Debug|Any CPU
		{8700B73B-DE05-4FC4-9E0E-19FD67E81E1A}.Debug|x64.Build.0 = Debug|Any CPU
		{8700B73B-DE05-4FC4-9E0E-19FD67E81E1A}.Debug|x64.Deploy.0 = Debug|Any CPU
		{8700B73B-DE05-4FC4-9E0E-19FD67E81E1A}.Debug|x86.ActiveCfg = Debug|Any CPU
		{8700B73B-DE05-4FC4-9E0E-19FD67E81E1A}.Debug|x86.Build.0 = Debug|Any CPU
		{8700B73B-DE05-4FC4-9E0E-19FD67E81E1A}.Debug|x86.Deploy.0 = Debug|Any CPU
		{8700B73B-DE05-4FC4-9E0E-19FD67E81E1A}.Release|Any CPU.ActiveCfg = Release|Any CPU
		{8700B73B-DE05-4FC4-9E0E-19FD67E81E1A}.Release|Any CPU.Build.0 = Release|Any CPU
		{8700B73B-DE05-4FC4-9E0E-19FD67E81E1A}.Release|Any CPU.Deploy.0 = Release|Any CPU
		{8700B73B-DE05-4FC4-9E0E-19FD67E81E1A}.Release|ARM.ActiveCfg = Release|Any CPU
		{8700B73B-DE05-4FC4-9E0E-19FD67E81E1A}.Release|ARM.Build.0 = Release|Any CPU
		{8700B73B-DE05-4FC4-9E0E-19FD67E81E1A}.Release|ARM.Deploy.0 = Release|Any CPU
		{8700B73B-DE05-4FC4-9E0E-19FD67E81E1A}.Release|iPhone.ActiveCfg = Release|Any CPU
		{8700B73B-DE05-4FC4-9E0E-19FD67E81E1A}.Release|iPhone.Build.0 = Release|Any CPU
		{8700B73B-DE05-4FC4-9E0E-19FD67E81E1A}.Release|iPhone.Deploy.0 = Release|Any CPU
		{8700B73B-DE05-4FC4-9E0E-19FD67E81E1A}.Release|iPhoneSimulator.ActiveCfg = Release|Any CPU
		{8700B73B-DE05-4FC4-9E0E-19FD67E81E1A}.Release|iPhoneSimulator.Build.0 = Release|Any CPU
		{8700B73B-DE05-4FC4-9E0E-19FD67E81E1A}.Release|iPhoneSimulator.Deploy.0 = Release|Any CPU
		{8700B73B-DE05-4FC4-9E0E-19FD67E81E1A}.Release|x64.ActiveCfg = Release|Any CPU
		{8700B73B-DE05-4FC4-9E0E-19FD67E81E1A}.Release|x64.Build.0 = Release|Any CPU
		{8700B73B-DE05-4FC4-9E0E-19FD67E81E1A}.Release|x64.Deploy.0 = Release|Any CPU
		{8700B73B-DE05-4FC4-9E0E-19FD67E81E1A}.Release|x86.ActiveCfg = Release|Any CPU
		{8700B73B-DE05-4FC4-9E0E-19FD67E81E1A}.Release|x86.Build.0 = Release|Any CPU
		{8700B73B-DE05-4FC4-9E0E-19FD67E81E1A}.Release|x86.Deploy.0 = Release|Any CPU
		{95429F1F-64D5-44EF-9967-DFEAD224768B}.Ad-Hoc|Any CPU.ActiveCfg = Ad-Hoc|iPhone
		{95429F1F-64D5-44EF-9967-DFEAD224768B}.Ad-Hoc|ARM.ActiveCfg = Ad-Hoc|iPhone
		{95429F1F-64D5-44EF-9967-DFEAD224768B}.Ad-Hoc|iPhone.ActiveCfg = Ad-Hoc|iPhone
		{95429F1F-64D5-44EF-9967-DFEAD224768B}.Ad-Hoc|iPhone.Build.0 = Ad-Hoc|iPhone
		{95429F1F-64D5-44EF-9967-DFEAD224768B}.Ad-Hoc|iPhoneSimulator.ActiveCfg = Ad-Hoc|iPhoneSimulator
		{95429F1F-64D5-44EF-9967-DFEAD224768B}.Ad-Hoc|iPhoneSimulator.Build.0 = Ad-Hoc|iPhoneSimulator
		{95429F1F-64D5-44EF-9967-DFEAD224768B}.Ad-Hoc|x64.ActiveCfg = Ad-Hoc|iPhone
		{95429F1F-64D5-44EF-9967-DFEAD224768B}.Ad-Hoc|x86.ActiveCfg = Ad-Hoc|iPhone
		{95429F1F-64D5-44EF-9967-DFEAD224768B}.AppStore|Any CPU.ActiveCfg = AppStore|iPhone
		{95429F1F-64D5-44EF-9967-DFEAD224768B}.AppStore|ARM.ActiveCfg = AppStore|iPhone
		{95429F1F-64D5-44EF-9967-DFEAD224768B}.AppStore|iPhone.ActiveCfg = AppStore|iPhone
		{95429F1F-64D5-44EF-9967-DFEAD224768B}.AppStore|iPhone.Build.0 = AppStore|iPhone
		{95429F1F-64D5-44EF-9967-DFEAD224768B}.AppStore|iPhoneSimulator.ActiveCfg = AppStore|iPhoneSimulator
		{95429F1F-64D5-44EF-9967-DFEAD224768B}.AppStore|iPhoneSimulator.Build.0 = AppStore|iPhoneSimulator
		{95429F1F-64D5-44EF-9967-DFEAD224768B}.AppStore|x64.ActiveCfg = AppStore|iPhone
		{95429F1F-64D5-44EF-9967-DFEAD224768B}.AppStore|x86.ActiveCfg = AppStore|iPhone
		{95429F1F-64D5-44EF-9967-DFEAD224768B}.Debug|Any CPU.ActiveCfg = Debug|iPhone
		{95429F1F-64D5-44EF-9967-DFEAD224768B}.Debug|ARM.ActiveCfg = Debug|iPhone
		{95429F1F-64D5-44EF-9967-DFEAD224768B}.Debug|iPhone.ActiveCfg = Debug|iPhone
		{95429F1F-64D5-44EF-9967-DFEAD224768B}.Debug|iPhone.Build.0 = Debug|iPhone
		{95429F1F-64D5-44EF-9967-DFEAD224768B}.Debug|iPhoneSimulator.ActiveCfg = Debug|iPhoneSimulator
		{95429F1F-64D5-44EF-9967-DFEAD224768B}.Debug|iPhoneSimulator.Build.0 = Debug|iPhoneSimulator
		{95429F1F-64D5-44EF-9967-DFEAD224768B}.Debug|x64.ActiveCfg = Debug|iPhone
		{95429F1F-64D5-44EF-9967-DFEAD224768B}.Debug|x86.ActiveCfg = Debug|iPhone
		{95429F1F-64D5-44EF-9967-DFEAD224768B}.Release|Any CPU.ActiveCfg = Release|iPhone
		{95429F1F-64D5-44EF-9967-DFEAD224768B}.Release|ARM.ActiveCfg = Release|iPhone
		{95429F1F-64D5-44EF-9967-DFEAD224768B}.Release|iPhone.ActiveCfg = Release|iPhone
		{95429F1F-64D5-44EF-9967-DFEAD224768B}.Release|iPhone.Build.0 = Release|iPhone
		{95429F1F-64D5-44EF-9967-DFEAD224768B}.Release|iPhoneSimulator.ActiveCfg = Release|iPhoneSimulator
		{95429F1F-64D5-44EF-9967-DFEAD224768B}.Release|iPhoneSimulator.Build.0 = Release|iPhoneSimulator
		{95429F1F-64D5-44EF-9967-DFEAD224768B}.Release|x64.ActiveCfg = Release|iPhone
		{95429F1F-64D5-44EF-9967-DFEAD224768B}.Release|x86.ActiveCfg = Release|iPhone
		{00270EE5-E4A1-4EE3-AC41-A012D9B38228}.Ad-Hoc|Any CPU.ActiveCfg = Debug|Any CPU
		{00270EE5-E4A1-4EE3-AC41-A012D9B38228}.Ad-Hoc|Any CPU.Build.0 = Debug|Any CPU
		{00270EE5-E4A1-4EE3-AC41-A012D9B38228}.Ad-Hoc|ARM.ActiveCfg = Debug|Any CPU
		{00270EE5-E4A1-4EE3-AC41-A012D9B38228}.Ad-Hoc|ARM.Build.0 = Debug|Any CPU
		{00270EE5-E4A1-4EE3-AC41-A012D9B38228}.Ad-Hoc|iPhone.ActiveCfg = Debug|Any CPU
		{00270EE5-E4A1-4EE3-AC41-A012D9B38228}.Ad-Hoc|iPhone.Build.0 = Debug|Any CPU
		{00270EE5-E4A1-4EE3-AC41-A012D9B38228}.Ad-Hoc|iPhoneSimulator.ActiveCfg = Debug|Any CPU
		{00270EE5-E4A1-4EE3-AC41-A012D9B38228}.Ad-Hoc|iPhoneSimulator.Build.0 = Debug|Any CPU
		{00270EE5-E4A1-4EE3-AC41-A012D9B38228}.Ad-Hoc|x64.ActiveCfg = Debug|Any CPU
		{00270EE5-E4A1-4EE3-AC41-A012D9B38228}.Ad-Hoc|x64.Build.0 = Debug|Any CPU
		{00270EE5-E4A1-4EE3-AC41-A012D9B38228}.Ad-Hoc|x86.ActiveCfg = Debug|Any CPU
		{00270EE5-E4A1-4EE3-AC41-A012D9B38228}.Ad-Hoc|x86.Build.0 = Debug|Any CPU
		{00270EE5-E4A1-4EE3-AC41-A012D9B38228}.AppStore|Any CPU.ActiveCfg = Debug|Any CPU
		{00270EE5-E4A1-4EE3-AC41-A012D9B38228}.AppStore|Any CPU.Build.0 = Debug|Any CPU
		{00270EE5-E4A1-4EE3-AC41-A012D9B38228}.AppStore|ARM.ActiveCfg = Debug|Any CPU
		{00270EE5-E4A1-4EE3-AC41-A012D9B38228}.AppStore|ARM.Build.0 = Debug|Any CPU
		{00270EE5-E4A1-4EE3-AC41-A012D9B38228}.AppStore|iPhone.ActiveCfg = Debug|Any CPU
		{00270EE5-E4A1-4EE3-AC41-A012D9B38228}.AppStore|iPhone.Build.0 = Debug|Any CPU
		{00270EE5-E4A1-4EE3-AC41-A012D9B38228}.AppStore|iPhoneSimulator.ActiveCfg = Debug|Any CPU
		{00270EE5-E4A1-4EE3-AC41-A012D9B38228}.AppStore|iPhoneSimulator.Build.0 = Debug|Any CPU
		{00270EE5-E4A1-4EE3-AC41-A012D9B38228}.AppStore|x64.ActiveCfg = Debug|Any CPU
		{00270EE5-E4A1-4EE3-AC41-A012D9B38228}.AppStore|x64.Build.0 = Debug|Any CPU
		{00270EE5-E4A1-4EE3-AC41-A012D9B38228}.AppStore|x86.ActiveCfg = Debug|Any CPU
		{00270EE5-E4A1-4EE3-AC41-A012D9B38228}.AppStore|x86.Build.0 = Debug|Any CPU
		{00270EE5-E4A1-4EE3-AC41-A012D9B38228}.Debug|Any CPU.ActiveCfg = Debug|Any CPU
		{00270EE5-E4A1-4EE3-AC41-A012D9B38228}.Debug|Any CPU.Build.0 = Debug|Any CPU
		{00270EE5-E4A1-4EE3-AC41-A012D9B38228}.Debug|ARM.ActiveCfg = Debug|Any CPU
		{00270EE5-E4A1-4EE3-AC41-A012D9B38228}.Debug|ARM.Build.0 = Debug|Any CPU
		{00270EE5-E4A1-4EE3-AC41-A012D9B38228}.Debug|iPhone.ActiveCfg = Debug|Any CPU
		{00270EE5-E4A1-4EE3-AC41-A012D9B38228}.Debug|iPhone.Build.0 = Debug|Any CPU
		{00270EE5-E4A1-4EE3-AC41-A012D9B38228}.Debug|iPhoneSimulator.ActiveCfg = Debug|Any CPU
		{00270EE5-E4A1-4EE3-AC41-A012D9B38228}.Debug|iPhoneSimulator.Build.0 = Debug|Any CPU
		{00270EE5-E4A1-4EE3-AC41-A012D9B38228}.Debug|x64.ActiveCfg = Debug|Any CPU
		{00270EE5-E4A1-4EE3-AC41-A012D9B38228}.Debug|x64.Build.0 = Debug|Any CPU
		{00270EE5-E4A1-4EE3-AC41-A012D9B38228}.Debug|x86.ActiveCfg = Debug|Any CPU
		{00270EE5-E4A1-4EE3-AC41-A012D9B38228}.Debug|x86.Build.0 = Debug|Any CPU
		{00270EE5-E4A1-4EE3-AC41-A012D9B38228}.Release|Any CPU.ActiveCfg = Release|Any CPU
		{00270EE5-E4A1-4EE3-AC41-A012D9B38228}.Release|Any CPU.Build.0 = Release|Any CPU
		{00270EE5-E4A1-4EE3-AC41-A012D9B38228}.Release|ARM.ActiveCfg = Release|Any CPU
		{00270EE5-E4A1-4EE3-AC41-A012D9B38228}.Release|ARM.Build.0 = Release|Any CPU
		{00270EE5-E4A1-4EE3-AC41-A012D9B38228}.Release|iPhone.ActiveCfg = Release|Any CPU
		{00270EE5-E4A1-4EE3-AC41-A012D9B38228}.Release|iPhone.Build.0 = Release|Any CPU
		{00270EE5-E4A1-4EE3-AC41-A012D9B38228}.Release|iPhoneSimulator.ActiveCfg = Release|Any CPU
		{00270EE5-E4A1-4EE3-AC41-A012D9B38228}.Release|iPhoneSimulator.Build.0 = Release|Any CPU
		{00270EE5-E4A1-4EE3-AC41-A012D9B38228}.Release|x64.ActiveCfg = Release|Any CPU
		{00270EE5-E4A1-4EE3-AC41-A012D9B38228}.Release|x64.Build.0 = Release|Any CPU
		{00270EE5-E4A1-4EE3-AC41-A012D9B38228}.Release|x86.ActiveCfg = Release|Any CPU
		{00270EE5-E4A1-4EE3-AC41-A012D9B38228}.Release|x86.Build.0 = Release|Any CPU
		{56A5A9FE-62BE-4ADB-950B-911D282F1D8F}.Ad-Hoc|Any CPU.ActiveCfg = Release|Any CPU
		{56A5A9FE-62BE-4ADB-950B-911D282F1D8F}.Ad-Hoc|Any CPU.Build.0 = Release|Any CPU
		{56A5A9FE-62BE-4ADB-950B-911D282F1D8F}.Ad-Hoc|ARM.ActiveCfg = Release|Any CPU
		{56A5A9FE-62BE-4ADB-950B-911D282F1D8F}.Ad-Hoc|ARM.Build.0 = Release|Any CPU
		{56A5A9FE-62BE-4ADB-950B-911D282F1D8F}.Ad-Hoc|iPhone.ActiveCfg = Release|Any CPU
		{56A5A9FE-62BE-4ADB-950B-911D282F1D8F}.Ad-Hoc|iPhone.Build.0 = Release|Any CPU
		{56A5A9FE-62BE-4ADB-950B-911D282F1D8F}.Ad-Hoc|iPhoneSimulator.ActiveCfg = Release|Any CPU
		{56A5A9FE-62BE-4ADB-950B-911D282F1D8F}.Ad-Hoc|iPhoneSimulator.Build.0 = Release|Any CPU
		{56A5A9FE-62BE-4ADB-950B-911D282F1D8F}.Ad-Hoc|x64.ActiveCfg = Release|Any CPU
		{56A5A9FE-62BE-4ADB-950B-911D282F1D8F}.Ad-Hoc|x64.Build.0 = Release|Any CPU
		{56A5A9FE-62BE-4ADB-950B-911D282F1D8F}.Ad-Hoc|x86.ActiveCfg = Release|Any CPU
		{56A5A9FE-62BE-4ADB-950B-911D282F1D8F}.Ad-Hoc|x86.Build.0 = Release|Any CPU
		{56A5A9FE-62BE-4ADB-950B-911D282F1D8F}.AppStore|Any CPU.ActiveCfg = Release|Any CPU
		{56A5A9FE-62BE-4ADB-950B-911D282F1D8F}.AppStore|Any CPU.Build.0 = Release|Any CPU
		{56A5A9FE-62BE-4ADB-950B-911D282F1D8F}.AppStore|ARM.ActiveCfg = Release|Any CPU
		{56A5A9FE-62BE-4ADB-950B-911D282F1D8F}.AppStore|ARM.Build.0 = Release|Any CPU
		{56A5A9FE-62BE-4ADB-950B-911D282F1D8F}.AppStore|iPhone.ActiveCfg = Release|Any CPU
		{56A5A9FE-62BE-4ADB-950B-911D282F1D8F}.AppStore|iPhone.Build.0 = Release|Any CPU
		{56A5A9FE-62BE-4ADB-950B-911D282F1D8F}.AppStore|iPhoneSimulator.ActiveCfg = Release|Any CPU
		{56A5A9FE-62BE-4ADB-950B-911D282F1D8F}.AppStore|iPhoneSimulator.Build.0 = Release|Any CPU
		{56A5A9FE-62BE-4ADB-950B-911D282F1D8F}.AppStore|x64.ActiveCfg = Release|Any CPU
		{56A5A9FE-62BE-4ADB-950B-911D282F1D8F}.AppStore|x64.Build.0 = Release|Any CPU
		{56A5A9FE-62BE-4ADB-950B-911D282F1D8F}.AppStore|x86.ActiveCfg = Release|Any CPU
		{56A5A9FE-62BE-4ADB-950B-911D282F1D8F}.AppStore|x86.Build.0 = Release|Any CPU
		{56A5A9FE-62BE-4ADB-950B-911D282F1D8F}.Debug|Any CPU.ActiveCfg = Debug|Any CPU
		{56A5A9FE-62BE-4ADB-950B-911D282F1D8F}.Debug|Any CPU.Build.0 = Debug|Any CPU
		{56A5A9FE-62BE-4ADB-950B-911D282F1D8F}.Debug|ARM.ActiveCfg = Debug|Any CPU
		{56A5A9FE-62BE-4ADB-950B-911D282F1D8F}.Debug|ARM.Build.0 = Debug|Any CPU
		{56A5A9FE-62BE-4ADB-950B-911D282F1D8F}.Debug|iPhone.ActiveCfg = Debug|Any CPU
		{56A5A9FE-62BE-4ADB-950B-911D282F1D8F}.Debug|iPhone.Build.0 = Debug|Any CPU
		{56A5A9FE-62BE-4ADB-950B-911D282F1D8F}.Debug|iPhoneSimulator.ActiveCfg = Debug|Any CPU
		{56A5A9FE-62BE-4ADB-950B-911D282F1D8F}.Debug|iPhoneSimulator.Build.0 = Debug|Any CPU
		{56A5A9FE-62BE-4ADB-950B-911D282F1D8F}.Debug|x64.ActiveCfg = Debug|Any CPU
		{56A5A9FE-62BE-4ADB-950B-911D282F1D8F}.Debug|x64.Build.0 = Debug|Any CPU
		{56A5A9FE-62BE-4ADB-950B-911D282F1D8F}.Debug|x86.ActiveCfg = Debug|Any CPU
		{56A5A9FE-62BE-4ADB-950B-911D282F1D8F}.Debug|x86.Build.0 = Debug|Any CPU
		{56A5A9FE-62BE-4ADB-950B-911D282F1D8F}.Release|Any CPU.ActiveCfg = Release|Any CPU
		{56A5A9FE-62BE-4ADB-950B-911D282F1D8F}.Release|Any CPU.Build.0 = Release|Any CPU
		{56A5A9FE-62BE-4ADB-950B-911D282F1D8F}.Release|ARM.ActiveCfg = Release|Any CPU
		{56A5A9FE-62BE-4ADB-950B-911D282F1D8F}.Release|ARM.Build.0 = Release|Any CPU
		{56A5A9FE-62BE-4ADB-950B-911D282F1D8F}.Release|iPhone.ActiveCfg = Release|Any CPU
		{56A5A9FE-62BE-4ADB-950B-911D282F1D8F}.Release|iPhone.Build.0 = Release|Any CPU
		{56A5A9FE-62BE-4ADB-950B-911D282F1D8F}.Release|iPhoneSimulator.ActiveCfg = Release|Any CPU
		{56A5A9FE-62BE-4ADB-950B-911D282F1D8F}.Release|iPhoneSimulator.Build.0 = Release|Any CPU
		{56A5A9FE-62BE-4ADB-950B-911D282F1D8F}.Release|x64.ActiveCfg = Release|Any CPU
		{56A5A9FE-62BE-4ADB-950B-911D282F1D8F}.Release|x64.Build.0 = Release|Any CPU
		{56A5A9FE-62BE-4ADB-950B-911D282F1D8F}.Release|x86.ActiveCfg = Release|Any CPU
		{56A5A9FE-62BE-4ADB-950B-911D282F1D8F}.Release|x86.Build.0 = Release|Any CPU
		{EF293F28-C20C-4504-AD5A-1E36141EBECD}.Ad-Hoc|Any CPU.ActiveCfg = Release|Any CPU
		{EF293F28-C20C-4504-AD5A-1E36141EBECD}.Ad-Hoc|Any CPU.Build.0 = Release|Any CPU
		{EF293F28-C20C-4504-AD5A-1E36141EBECD}.Ad-Hoc|ARM.ActiveCfg = Release|Any CPU
		{EF293F28-C20C-4504-AD5A-1E36141EBECD}.Ad-Hoc|ARM.Build.0 = Release|Any CPU
		{EF293F28-C20C-4504-AD5A-1E36141EBECD}.Ad-Hoc|iPhone.ActiveCfg = Release|Any CPU
		{EF293F28-C20C-4504-AD5A-1E36141EBECD}.Ad-Hoc|iPhone.Build.0 = Release|Any CPU
		{EF293F28-C20C-4504-AD5A-1E36141EBECD}.Ad-Hoc|iPhoneSimulator.ActiveCfg = Release|Any CPU
		{EF293F28-C20C-4504-AD5A-1E36141EBECD}.Ad-Hoc|iPhoneSimulator.Build.0 = Release|Any CPU
		{EF293F28-C20C-4504-AD5A-1E36141EBECD}.Ad-Hoc|x64.ActiveCfg = Release|Any CPU
		{EF293F28-C20C-4504-AD5A-1E36141EBECD}.Ad-Hoc|x64.Build.0 = Release|Any CPU
		{EF293F28-C20C-4504-AD5A-1E36141EBECD}.Ad-Hoc|x86.ActiveCfg = Release|Any CPU
		{EF293F28-C20C-4504-AD5A-1E36141EBECD}.Ad-Hoc|x86.Build.0 = Release|Any CPU
		{EF293F28-C20C-4504-AD5A-1E36141EBECD}.AppStore|Any CPU.ActiveCfg = Release|Any CPU
		{EF293F28-C20C-4504-AD5A-1E36141EBECD}.AppStore|Any CPU.Build.0 = Release|Any CPU
		{EF293F28-C20C-4504-AD5A-1E36141EBECD}.AppStore|ARM.ActiveCfg = Release|Any CPU
		{EF293F28-C20C-4504-AD5A-1E36141EBECD}.AppStore|ARM.Build.0 = Release|Any CPU
		{EF293F28-C20C-4504-AD5A-1E36141EBECD}.AppStore|iPhone.ActiveCfg = Release|Any CPU
		{EF293F28-C20C-4504-AD5A-1E36141EBECD}.AppStore|iPhone.Build.0 = Release|Any CPU
		{EF293F28-C20C-4504-AD5A-1E36141EBECD}.AppStore|iPhoneSimulator.ActiveCfg = Release|Any CPU
		{EF293F28-C20C-4504-AD5A-1E36141EBECD}.AppStore|iPhoneSimulator.Build.0 = Release|Any CPU
		{EF293F28-C20C-4504-AD5A-1E36141EBECD}.AppStore|x64.ActiveCfg = Release|Any CPU
		{EF293F28-C20C-4504-AD5A-1E36141EBECD}.AppStore|x64.Build.0 = Release|Any CPU
		{EF293F28-C20C-4504-AD5A-1E36141EBECD}.AppStore|x86.ActiveCfg = Release|Any CPU
		{EF293F28-C20C-4504-AD5A-1E36141EBECD}.AppStore|x86.Build.0 = Release|Any CPU
		{EF293F28-C20C-4504-AD5A-1E36141EBECD}.Debug|Any CPU.ActiveCfg = Debug|Any CPU
		{EF293F28-C20C-4504-AD5A-1E36141EBECD}.Debug|Any CPU.Build.0 = Debug|Any CPU
		{EF293F28-C20C-4504-AD5A-1E36141EBECD}.Debug|ARM.ActiveCfg = Debug|Any CPU
		{EF293F28-C20C-4504-AD5A-1E36141EBECD}.Debug|ARM.Build.0 = Debug|Any CPU
		{EF293F28-C20C-4504-AD5A-1E36141EBECD}.Debug|iPhone.ActiveCfg = Debug|Any CPU
		{EF293F28-C20C-4504-AD5A-1E36141EBECD}.Debug|iPhone.Build.0 = Debug|Any CPU
		{EF293F28-C20C-4504-AD5A-1E36141EBECD}.Debug|iPhoneSimulator.ActiveCfg = Debug|Any CPU
		{EF293F28-C20C-4504-AD5A-1E36141EBECD}.Debug|iPhoneSimulator.Build.0 = Debug|Any CPU
		{EF293F28-C20C-4504-AD5A-1E36141EBECD}.Debug|x64.ActiveCfg = Debug|Any CPU
		{EF293F28-C20C-4504-AD5A-1E36141EBECD}.Debug|x64.Build.0 = Debug|Any CPU
		{EF293F28-C20C-4504-AD5A-1E36141EBECD}.Debug|x86.ActiveCfg = Debug|Any CPU
		{EF293F28-C20C-4504-AD5A-1E36141EBECD}.Debug|x86.Build.0 = Debug|Any CPU
		{EF293F28-C20C-4504-AD5A-1E36141EBECD}.Release|Any CPU.ActiveCfg = Release|Any CPU
		{EF293F28-C20C-4504-AD5A-1E36141EBECD}.Release|Any CPU.Build.0 = Release|Any CPU
		{EF293F28-C20C-4504-AD5A-1E36141EBECD}.Release|ARM.ActiveCfg = Release|Any CPU
		{EF293F28-C20C-4504-AD5A-1E36141EBECD}.Release|ARM.Build.0 = Release|Any CPU
		{EF293F28-C20C-4504-AD5A-1E36141EBECD}.Release|iPhone.ActiveCfg = Release|Any CPU
		{EF293F28-C20C-4504-AD5A-1E36141EBECD}.Release|iPhone.Build.0 = Release|Any CPU
		{EF293F28-C20C-4504-AD5A-1E36141EBECD}.Release|iPhoneSimulator.ActiveCfg = Release|Any CPU
		{EF293F28-C20C-4504-AD5A-1E36141EBECD}.Release|iPhoneSimulator.Build.0 = Release|Any CPU
		{EF293F28-C20C-4504-AD5A-1E36141EBECD}.Release|x64.ActiveCfg = Release|Any CPU
		{EF293F28-C20C-4504-AD5A-1E36141EBECD}.Release|x64.Build.0 = Release|Any CPU
		{EF293F28-C20C-4504-AD5A-1E36141EBECD}.Release|x86.ActiveCfg = Release|Any CPU
		{EF293F28-C20C-4504-AD5A-1E36141EBECD}.Release|x86.Build.0 = Release|Any CPU
		{A68FD7C1-1E9C-4DBC-99FD-47A646CCC8D8}.Ad-Hoc|Any CPU.ActiveCfg = Release|Any CPU
		{A68FD7C1-1E9C-4DBC-99FD-47A646CCC8D8}.Ad-Hoc|Any CPU.Build.0 = Release|Any CPU
		{A68FD7C1-1E9C-4DBC-99FD-47A646CCC8D8}.Ad-Hoc|ARM.ActiveCfg = Release|ARM
		{A68FD7C1-1E9C-4DBC-99FD-47A646CCC8D8}.Ad-Hoc|ARM.Build.0 = Release|ARM
		{A68FD7C1-1E9C-4DBC-99FD-47A646CCC8D8}.Ad-Hoc|iPhone.ActiveCfg = Release|Any CPU
		{A68FD7C1-1E9C-4DBC-99FD-47A646CCC8D8}.Ad-Hoc|iPhone.Build.0 = Release|Any CPU
		{A68FD7C1-1E9C-4DBC-99FD-47A646CCC8D8}.Ad-Hoc|iPhoneSimulator.ActiveCfg = Release|Any CPU
		{A68FD7C1-1E9C-4DBC-99FD-47A646CCC8D8}.Ad-Hoc|iPhoneSimulator.Build.0 = Release|Any CPU
		{A68FD7C1-1E9C-4DBC-99FD-47A646CCC8D8}.Ad-Hoc|x64.ActiveCfg = Release|x64
		{A68FD7C1-1E9C-4DBC-99FD-47A646CCC8D8}.Ad-Hoc|x64.Build.0 = Release|x64
		{A68FD7C1-1E9C-4DBC-99FD-47A646CCC8D8}.Ad-Hoc|x86.ActiveCfg = Release|x86
		{A68FD7C1-1E9C-4DBC-99FD-47A646CCC8D8}.Ad-Hoc|x86.Build.0 = Release|x86
		{A68FD7C1-1E9C-4DBC-99FD-47A646CCC8D8}.AppStore|Any CPU.ActiveCfg = Release|Any CPU
		{A68FD7C1-1E9C-4DBC-99FD-47A646CCC8D8}.AppStore|Any CPU.Build.0 = Release|Any CPU
		{A68FD7C1-1E9C-4DBC-99FD-47A646CCC8D8}.AppStore|ARM.ActiveCfg = Release|ARM
		{A68FD7C1-1E9C-4DBC-99FD-47A646CCC8D8}.AppStore|ARM.Build.0 = Release|ARM
		{A68FD7C1-1E9C-4DBC-99FD-47A646CCC8D8}.AppStore|iPhone.ActiveCfg = Release|Any CPU
		{A68FD7C1-1E9C-4DBC-99FD-47A646CCC8D8}.AppStore|iPhone.Build.0 = Release|Any CPU
		{A68FD7C1-1E9C-4DBC-99FD-47A646CCC8D8}.AppStore|iPhoneSimulator.ActiveCfg = Release|Any CPU
		{A68FD7C1-1E9C-4DBC-99FD-47A646CCC8D8}.AppStore|iPhoneSimulator.Build.0 = Release|Any CPU
		{A68FD7C1-1E9C-4DBC-99FD-47A646CCC8D8}.AppStore|x64.ActiveCfg = Release|x64
		{A68FD7C1-1E9C-4DBC-99FD-47A646CCC8D8}.AppStore|x64.Build.0 = Release|x64
		{A68FD7C1-1E9C-4DBC-99FD-47A646CCC8D8}.AppStore|x86.ActiveCfg = Release|x86
		{A68FD7C1-1E9C-4DBC-99FD-47A646CCC8D8}.AppStore|x86.Build.0 = Release|x86
		{A68FD7C1-1E9C-4DBC-99FD-47A646CCC8D8}.Debug|Any CPU.ActiveCfg = Debug|Any CPU
		{A68FD7C1-1E9C-4DBC-99FD-47A646CCC8D8}.Debug|Any CPU.Build.0 = Debug|Any CPU
		{A68FD7C1-1E9C-4DBC-99FD-47A646CCC8D8}.Debug|ARM.ActiveCfg = Debug|ARM
		{A68FD7C1-1E9C-4DBC-99FD-47A646CCC8D8}.Debug|ARM.Build.0 = Debug|ARM
		{A68FD7C1-1E9C-4DBC-99FD-47A646CCC8D8}.Debug|iPhone.ActiveCfg = Debug|Any CPU
		{A68FD7C1-1E9C-4DBC-99FD-47A646CCC8D8}.Debug|iPhone.Build.0 = Debug|Any CPU
		{A68FD7C1-1E9C-4DBC-99FD-47A646CCC8D8}.Debug|iPhoneSimulator.ActiveCfg = Debug|Any CPU
		{A68FD7C1-1E9C-4DBC-99FD-47A646CCC8D8}.Debug|iPhoneSimulator.Build.0 = Debug|Any CPU
		{A68FD7C1-1E9C-4DBC-99FD-47A646CCC8D8}.Debug|x64.ActiveCfg = Debug|x64
		{A68FD7C1-1E9C-4DBC-99FD-47A646CCC8D8}.Debug|x64.Build.0 = Debug|x64
		{A68FD7C1-1E9C-4DBC-99FD-47A646CCC8D8}.Debug|x86.ActiveCfg = Debug|x86
		{A68FD7C1-1E9C-4DBC-99FD-47A646CCC8D8}.Debug|x86.Build.0 = Debug|x86
		{A68FD7C1-1E9C-4DBC-99FD-47A646CCC8D8}.Release|Any CPU.ActiveCfg = Release|Any CPU
		{A68FD7C1-1E9C-4DBC-99FD-47A646CCC8D8}.Release|Any CPU.Build.0 = Release|Any CPU
		{A68FD7C1-1E9C-4DBC-99FD-47A646CCC8D8}.Release|ARM.ActiveCfg = Release|ARM
		{A68FD7C1-1E9C-4DBC-99FD-47A646CCC8D8}.Release|ARM.Build.0 = Release|ARM
		{A68FD7C1-1E9C-4DBC-99FD-47A646CCC8D8}.Release|iPhone.ActiveCfg = Release|Any CPU
		{A68FD7C1-1E9C-4DBC-99FD-47A646CCC8D8}.Release|iPhone.Build.0 = Release|Any CPU
		{A68FD7C1-1E9C-4DBC-99FD-47A646CCC8D8}.Release|iPhoneSimulator.ActiveCfg = Release|Any CPU
		{A68FD7C1-1E9C-4DBC-99FD-47A646CCC8D8}.Release|iPhoneSimulator.Build.0 = Release|Any CPU
		{A68FD7C1-1E9C-4DBC-99FD-47A646CCC8D8}.Release|x64.ActiveCfg = Release|x64
		{A68FD7C1-1E9C-4DBC-99FD-47A646CCC8D8}.Release|x64.Build.0 = Release|x64
		{A68FD7C1-1E9C-4DBC-99FD-47A646CCC8D8}.Release|x86.ActiveCfg = Release|x86
		{A68FD7C1-1E9C-4DBC-99FD-47A646CCC8D8}.Release|x86.Build.0 = Release|x86
		{3818128F-EEDB-43A7-985D-C6AF39D331BE}.Ad-Hoc|Any CPU.ActiveCfg = Release|x64
		{3818128F-EEDB-43A7-985D-C6AF39D331BE}.Ad-Hoc|Any CPU.Build.0 = Release|x64
		{3818128F-EEDB-43A7-985D-C6AF39D331BE}.Ad-Hoc|Any CPU.Deploy.0 = Release|x64
		{3818128F-EEDB-43A7-985D-C6AF39D331BE}.Ad-Hoc|ARM.ActiveCfg = Release|ARM
		{3818128F-EEDB-43A7-985D-C6AF39D331BE}.Ad-Hoc|ARM.Build.0 = Release|ARM
		{3818128F-EEDB-43A7-985D-C6AF39D331BE}.Ad-Hoc|ARM.Deploy.0 = Release|ARM
		{3818128F-EEDB-43A7-985D-C6AF39D331BE}.Ad-Hoc|iPhone.ActiveCfg = Release|x64
		{3818128F-EEDB-43A7-985D-C6AF39D331BE}.Ad-Hoc|iPhone.Build.0 = Release|x64
		{3818128F-EEDB-43A7-985D-C6AF39D331BE}.Ad-Hoc|iPhone.Deploy.0 = Release|x64
		{3818128F-EEDB-43A7-985D-C6AF39D331BE}.Ad-Hoc|iPhoneSimulator.ActiveCfg = Release|x64
		{3818128F-EEDB-43A7-985D-C6AF39D331BE}.Ad-Hoc|iPhoneSimulator.Build.0 = Release|x64
		{3818128F-EEDB-43A7-985D-C6AF39D331BE}.Ad-Hoc|iPhoneSimulator.Deploy.0 = Release|x64
		{3818128F-EEDB-43A7-985D-C6AF39D331BE}.Ad-Hoc|x64.ActiveCfg = Release|x64
		{3818128F-EEDB-43A7-985D-C6AF39D331BE}.Ad-Hoc|x64.Build.0 = Release|x64
		{3818128F-EEDB-43A7-985D-C6AF39D331BE}.Ad-Hoc|x64.Deploy.0 = Release|x64
		{3818128F-EEDB-43A7-985D-C6AF39D331BE}.Ad-Hoc|x86.ActiveCfg = Release|x86
		{3818128F-EEDB-43A7-985D-C6AF39D331BE}.Ad-Hoc|x86.Build.0 = Release|x86
		{3818128F-EEDB-43A7-985D-C6AF39D331BE}.Ad-Hoc|x86.Deploy.0 = Release|x86
		{3818128F-EEDB-43A7-985D-C6AF39D331BE}.AppStore|Any CPU.ActiveCfg = Release|x64
		{3818128F-EEDB-43A7-985D-C6AF39D331BE}.AppStore|Any CPU.Build.0 = Release|x64
		{3818128F-EEDB-43A7-985D-C6AF39D331BE}.AppStore|Any CPU.Deploy.0 = Release|x64
		{3818128F-EEDB-43A7-985D-C6AF39D331BE}.AppStore|ARM.ActiveCfg = Release|ARM
		{3818128F-EEDB-43A7-985D-C6AF39D331BE}.AppStore|ARM.Build.0 = Release|ARM
		{3818128F-EEDB-43A7-985D-C6AF39D331BE}.AppStore|ARM.Deploy.0 = Release|ARM
		{3818128F-EEDB-43A7-985D-C6AF39D331BE}.AppStore|iPhone.ActiveCfg = Release|x64
		{3818128F-EEDB-43A7-985D-C6AF39D331BE}.AppStore|iPhone.Build.0 = Release|x64
		{3818128F-EEDB-43A7-985D-C6AF39D331BE}.AppStore|iPhone.Deploy.0 = Release|x64
		{3818128F-EEDB-43A7-985D-C6AF39D331BE}.AppStore|iPhoneSimulator.ActiveCfg = Release|x64
		{3818128F-EEDB-43A7-985D-C6AF39D331BE}.AppStore|iPhoneSimulator.Build.0 = Release|x64
		{3818128F-EEDB-43A7-985D-C6AF39D331BE}.AppStore|iPhoneSimulator.Deploy.0 = Release|x64
		{3818128F-EEDB-43A7-985D-C6AF39D331BE}.AppStore|x64.ActiveCfg = Release|x64
		{3818128F-EEDB-43A7-985D-C6AF39D331BE}.AppStore|x64.Build.0 = Release|x64
		{3818128F-EEDB-43A7-985D-C6AF39D331BE}.AppStore|x64.Deploy.0 = Release|x64
		{3818128F-EEDB-43A7-985D-C6AF39D331BE}.AppStore|x86.ActiveCfg = Release|x86
		{3818128F-EEDB-43A7-985D-C6AF39D331BE}.AppStore|x86.Build.0 = Release|x86
		{3818128F-EEDB-43A7-985D-C6AF39D331BE}.AppStore|x86.Deploy.0 = Release|x86
		{3818128F-EEDB-43A7-985D-C6AF39D331BE}.Debug|Any CPU.ActiveCfg = Debug|x64
		{3818128F-EEDB-43A7-985D-C6AF39D331BE}.Debug|Any CPU.Build.0 = Debug|x64
		{3818128F-EEDB-43A7-985D-C6AF39D331BE}.Debug|Any CPU.Deploy.0 = Debug|x64
		{3818128F-EEDB-43A7-985D-C6AF39D331BE}.Debug|ARM.ActiveCfg = Debug|ARM
		{3818128F-EEDB-43A7-985D-C6AF39D331BE}.Debug|ARM.Build.0 = Debug|ARM
		{3818128F-EEDB-43A7-985D-C6AF39D331BE}.Debug|ARM.Deploy.0 = Debug|ARM
		{3818128F-EEDB-43A7-985D-C6AF39D331BE}.Debug|iPhone.ActiveCfg = Debug|x86
		{3818128F-EEDB-43A7-985D-C6AF39D331BE}.Debug|iPhoneSimulator.ActiveCfg = Debug|x86
		{3818128F-EEDB-43A7-985D-C6AF39D331BE}.Debug|x64.ActiveCfg = Debug|x64
		{3818128F-EEDB-43A7-985D-C6AF39D331BE}.Debug|x64.Build.0 = Debug|x64
		{3818128F-EEDB-43A7-985D-C6AF39D331BE}.Debug|x64.Deploy.0 = Debug|x64
		{3818128F-EEDB-43A7-985D-C6AF39D331BE}.Debug|x86.ActiveCfg = Debug|x86
		{3818128F-EEDB-43A7-985D-C6AF39D331BE}.Debug|x86.Build.0 = Debug|x86
		{3818128F-EEDB-43A7-985D-C6AF39D331BE}.Debug|x86.Deploy.0 = Debug|x86
		{3818128F-EEDB-43A7-985D-C6AF39D331BE}.Release|Any CPU.ActiveCfg = Release|x86
		{3818128F-EEDB-43A7-985D-C6AF39D331BE}.Release|ARM.ActiveCfg = Release|ARM
		{3818128F-EEDB-43A7-985D-C6AF39D331BE}.Release|ARM.Build.0 = Release|ARM
		{3818128F-EEDB-43A7-985D-C6AF39D331BE}.Release|ARM.Deploy.0 = Release|ARM
		{3818128F-EEDB-43A7-985D-C6AF39D331BE}.Release|iPhone.ActiveCfg = Release|x86
		{3818128F-EEDB-43A7-985D-C6AF39D331BE}.Release|iPhoneSimulator.ActiveCfg = Release|x86
		{3818128F-EEDB-43A7-985D-C6AF39D331BE}.Release|x64.ActiveCfg = Release|x64
		{3818128F-EEDB-43A7-985D-C6AF39D331BE}.Release|x64.Build.0 = Release|x64
		{3818128F-EEDB-43A7-985D-C6AF39D331BE}.Release|x64.Deploy.0 = Release|x64
		{3818128F-EEDB-43A7-985D-C6AF39D331BE}.Release|x86.ActiveCfg = Release|x86
		{3818128F-EEDB-43A7-985D-C6AF39D331BE}.Release|x86.Build.0 = Release|x86
		{3818128F-EEDB-43A7-985D-C6AF39D331BE}.Release|x86.Deploy.0 = Release|x86
	EndGlobalSection
	GlobalSection(SolutionProperties) = preSolution
		HideSolutionNode = FALSE
	EndGlobalSection
	GlobalSection(NestedProjects) = preSolution
		{56A5A9FE-62BE-4ADB-950B-911D282F1D8F} = {006E6BBA-D4BF-441F-AC3A-B8B1F5EDD1FE}
		{EF293F28-C20C-4504-AD5A-1E36141EBECD} = {006E6BBA-D4BF-441F-AC3A-B8B1F5EDD1FE}
		{A68FD7C1-1E9C-4DBC-99FD-47A646CCC8D8} = {006E6BBA-D4BF-441F-AC3A-B8B1F5EDD1FE}
	EndGlobalSection
EndGlobal
