
Microsoft Visual Studio Solution File, Format Version 12.00
# Visual Studio 14
VisualStudioVersion = 14.0.25420.1
MinimumVisualStudioVersion = 10.0.40219.1
Project("{D954291E-2A0B-460D-934E-DC6B0785DB48}") = "ReactiveUI.XamlForms.Sample", "ReactiveUI.XamlForms.Sample\ReactiveUI.XamlForms.Sample\ReactiveUI.XamlForms.Sample.shproj", "{C020942B-9305-44C2-B706-3C0393CCC152}"
EndProject
Project("{FAE04EC0-301F-11D3-BF4B-00C04F79EFBC}") = "ReactiveUI.XamlForms.Sample.Droid", "ReactiveUI.XamlForms.Sample\ReactiveUI.XamlForms.Sample.Droid\ReactiveUI.XamlForms.Sample.Droid.csproj", "{8700B73B-DE05-4FC4-9E0E-19FD67E81E1A}"
EndProject
Project("{FAE04EC0-301F-11D3-BF4B-00C04F79EFBC}") = "ReactiveUI.XamlForms.Sample.iOS", "ReactiveUI.XamlForms.Sample\ReactiveUI.XamlForms.Sample.iOS\ReactiveUI.XamlForms.Sample.iOS.csproj", "{95429F1F-64D5-44EF-9967-DFEAD224768B}"
EndProject
Project("{FAE04EC0-301F-11D3-BF4B-00C04F79EFBC}") = "ReactiveUI.XamlForms.Sample.UWP", "ReactiveUI.XamlForms.Sample\ReactiveUI.XamlForms.Sample.UWP\ReactiveUI.XamlForms.Sample.UWP.csproj", "{418005ED-5809-47DA-BCE6-001362D7F81E}"
EndProject
Global
	GlobalSection(SharedMSBuildProjectFiles) = preSolution
		ReactiveUI.XamlForms.Sample\ReactiveUI.XamlForms.Sample\ReactiveUI.XamlForms.Sample.projitems*{418005ed-5809-47da-bce6-001362d7f81e}*SharedItemsImports = 4
		ReactiveUI.XamlForms.Sample\ReactiveUI.XamlForms.Sample\ReactiveUI.XamlForms.Sample.projitems*{8700b73b-de05-4fc4-9e0e-19fd67e81e1a}*SharedItemsImports = 4
		ReactiveUI.XamlForms.Sample\ReactiveUI.XamlForms.Sample\ReactiveUI.XamlForms.Sample.projitems*{95429f1f-64d5-44ef-9967-dfead224768b}*SharedItemsImports = 4
		ReactiveUI.XamlForms.Sample\ReactiveUI.XamlForms.Sample\ReactiveUI.XamlForms.Sample.projitems*{c020942b-9305-44c2-b706-3c0393ccc152}*SharedItemsImports = 13
	EndGlobalSection
	GlobalSection(SolutionConfigurationPlatforms) = preSolution
		Ad-Hoc|Any CPU = Ad-Hoc|Any CPU
		Ad-Hoc|ARM = Ad-Hoc|ARM
		Ad-Hoc|iPhone = Ad-Hoc|iPhone
		Ad-Hoc|iPhoneSimulator = Ad-Hoc|iPhoneSimulator
		Ad-Hoc|x64 = Ad-Hoc|x64
		Ad-Hoc|x86 = Ad-Hoc|x86
		AppStore|Any CPU = AppStore|Any CPU
		AppStore|ARM = AppStore|ARM
		AppStore|iPhone = AppStore|iPhone
		AppStore|iPhoneSimulator = AppStore|iPhoneSimulator
		AppStore|x64 = AppStore|x64
		AppStore|x86 = AppStore|x86
		Debug|Any CPU = Debug|Any CPU
		Debug|ARM = Debug|ARM
		Debug|iPhone = Debug|iPhone
		Debug|iPhoneSimulator = Debug|iPhoneSimulator
		Debug|x64 = Debug|x64
		Debug|x86 = Debug|x86
		Release|Any CPU = Release|Any CPU
		Release|ARM = Release|ARM
		Release|iPhone = Release|iPhone
		Release|iPhoneSimulator = Release|iPhoneSimulator
		Release|x64 = Release|x64
		Release|x86 = Release|x86
	EndGlobalSection
	GlobalSection(ProjectConfigurationPlatforms) = postSolution
		{8700B73B-DE05-4FC4-9E0E-19FD67E81E1A}.Ad-Hoc|Any CPU.ActiveCfg = Release|Any CPU
		{8700B73B-DE05-4FC4-9E0E-19FD67E81E1A}.Ad-Hoc|Any CPU.Build.0 = Release|Any CPU
		{8700B73B-DE05-4FC4-9E0E-19FD67E81E1A}.Ad-Hoc|Any CPU.Deploy.0 = Release|Any CPU
		{8700B73B-DE05-4FC4-9E0E-19FD67E81E1A}.Ad-Hoc|ARM.ActiveCfg = Release|Any CPU
		{8700B73B-DE05-4FC4-9E0E-19FD67E81E1A}.Ad-Hoc|ARM.Build.0 = Release|Any CPU
		{8700B73B-DE05-4FC4-9E0E-19FD67E81E1A}.Ad-Hoc|ARM.Deploy.0 = Release|Any CPU
		{8700B73B-DE05-4FC4-9E0E-19FD67E81E1A}.Ad-Hoc|iPhone.ActiveCfg = Release|Any CPU
		{8700B73B-DE05-4FC4-9E0E-19FD67E81E1A}.Ad-Hoc|iPhone.Build.0 = Release|Any CPU
		{8700B73B-DE05-4FC4-9E0E-19FD67E81E1A}.Ad-Hoc|iPhone.Deploy.0 = Release|Any CPU
		{8700B73B-DE05-4FC4-9E0E-19FD67E81E1A}.Ad-Hoc|iPhoneSimulator.ActiveCfg = Release|Any CPU
		{8700B73B-DE05-4FC4-9E0E-19FD67E81E1A}.Ad-Hoc|iPhoneSimulator.Build.0 = Release|Any CPU
		{8700B73B-DE05-4FC4-9E0E-19FD67E81E1A}.Ad-Hoc|iPhoneSimulator.Deploy.0 = Release|Any CPU
		{8700B73B-DE05-4FC4-9E0E-19FD67E81E1A}.Ad-Hoc|x64.ActiveCfg = Release|Any CPU
		{8700B73B-DE05-4FC4-9E0E-19FD67E81E1A}.Ad-Hoc|x64.Build.0 = Release|Any CPU
		{8700B73B-DE05-4FC4-9E0E-19FD67E81E1A}.Ad-Hoc|x64.Deploy.0 = Release|Any CPU
		{8700B73B-DE05-4FC4-9E0E-19FD67E81E1A}.Ad-Hoc|x86.ActiveCfg = Release|Any CPU
		{8700B73B-DE05-4FC4-9E0E-19FD67E81E1A}.Ad-Hoc|x86.Build.0 = Release|Any CPU
		{8700B73B-DE05-4FC4-9E0E-19FD67E81E1A}.Ad-Hoc|x86.Deploy.0 = Release|Any CPU
		{8700B73B-DE05-4FC4-9E0E-19FD67E81E1A}.AppStore|Any CPU.ActiveCfg = Release|Any CPU
		{8700B73B-DE05-4FC4-9E0E-19FD67E81E1A}.AppStore|Any CPU.Build.0 = Release|Any CPU
		{8700B73B-DE05-4FC4-9E0E-19FD67E81E1A}.AppStore|Any CPU.Deploy.0 = Release|Any CPU
		{8700B73B-DE05-4FC4-9E0E-19FD67E81E1A}.AppStore|ARM.ActiveCfg = Release|Any CPU
		{8700B73B-DE05-4FC4-9E0E-19FD67E81E1A}.AppStore|ARM.Build.0 = Release|Any CPU
		{8700B73B-DE05-4FC4-9E0E-19FD67E81E1A}.AppStore|ARM.Deploy.0 = Release|Any CPU
		{8700B73B-DE05-4FC4-9E0E-19FD67E81E1A}.AppStore|iPhone.ActiveCfg = Release|Any CPU
		{8700B73B-DE05-4FC4-9E0E-19FD67E81E1A}.AppStore|iPhone.Build.0 = Release|Any CPU
		{8700B73B-DE05-4FC4-9E0E-19FD67E81E1A}.AppStore|iPhone.Deploy.0 = Release|Any CPU
		{8700B73B-DE05-4FC4-9E0E-19FD67E81E1A}.AppStore|iPhoneSimulator.ActiveCfg = Release|Any CPU
		{8700B73B-DE05-4FC4-9E0E-19FD67E81E1A}.AppStore|iPhoneSimulator.Build.0 = Release|Any CPU
		{8700B73B-DE05-4FC4-9E0E-19FD67E81E1A}.AppStore|iPhoneSimulator.Deploy.0 = Release|Any CPU
		{8700B73B-DE05-4FC4-9E0E-19FD67E81E1A}.AppStore|x64.ActiveCfg = Release|Any CPU
		{8700B73B-DE05-4FC4-9E0E-19FD67E81E1A}.AppStore|x64.Build.0 = Release|Any CPU
		{8700B73B-DE05-4FC4-9E0E-19FD67E81E1A}.AppStore|x64.Deploy.0 = Release|Any CPU
		{8700B73B-DE05-4FC4-9E0E-19FD67E81E1A}.AppStore|x86.ActiveCfg = Release|Any CPU
		{8700B73B-DE05-4FC4-9E0E-19FD67E81E1A}.AppStore|x86.Build.0 = Release|Any CPU
		{8700B73B-DE05-4FC4-9E0E-19FD67E81E1A}.AppStore|x86.Deploy.0 = Release|Any CPU
		{8700B73B-DE05-4FC4-9E0E-19FD67E81E1A}.Debug|Any CPU.ActiveCfg = Debug|Any CPU
		{8700B73B-DE05-4FC4-9E0E-19FD67E81E1A}.Debug|Any CPU.Build.0 = Debug|Any CPU
		{8700B73B-DE05-4FC4-9E0E-19FD67E81E1A}.Debug|Any CPU.Deploy.0 = Debug|Any CPU
		{8700B73B-DE05-4FC4-9E0E-19FD67E81E1A}.Debug|ARM.ActiveCfg = Debug|Any CPU
		{8700B73B-DE05-4FC4-9E0E-19FD67E81E1A}.Debug|ARM.Build.0 = Debug|Any CPU
		{8700B73B-DE05-4FC4-9E0E-19FD67E81E1A}.Debug|ARM.Deploy.0 = Debug|Any CPU
		{8700B73B-DE05-4FC4-9E0E-19FD67E81E1A}.Debug|iPhone.ActiveCfg = Debug|Any CPU
		{8700B73B-DE05-4FC4-9E0E-19FD67E81E1A}.Debug|iPhone.Build.0 = Debug|Any CPU
		{8700B73B-DE05-4FC4-9E0E-19FD67E81E1A}.Debug|iPhone.Deploy.0 = Debug|Any CPU
		{8700B73B-DE05-4FC4-9E0E-19FD67E81E1A}.Debug|iPhoneSimulator.ActiveCfg = Debug|Any CPU
		{8700B73B-DE05-4FC4-9E0E-19FD67E81E1A}.Debug|iPhoneSimulator.Build.0 = Debug|Any CPU
		{8700B73B-DE05-4FC4-9E0E-19FD67E81E1A}.Debug|iPhoneSimulator.Deploy.0 = Debug|Any CPU
		{8700B73B-DE05-4FC4-9E0E-19FD67E81E1A}.Debug|x64.ActiveCfg = Debug|Any CPU
		{8700B73B-DE05-4FC4-9E0E-19FD67E81E1A}.Debug|x64.Build.0 = Debug|Any CPU
		{8700B73B-DE05-4FC4-9E0E-19FD67E81E1A}.Debug|x64.Deploy.0 = Debug|Any CPU
		{8700B73B-DE05-4FC4-9E0E-19FD67E81E1A}.Debug|x86.ActiveCfg = Debug|Any CPU
		{8700B73B-DE05-4FC4-9E0E-19FD67E81E1A}.Debug|x86.Build.0 = Debug|Any CPU
		{8700B73B-DE05-4FC4-9E0E-19FD67E81E1A}.Debug|x86.Deploy.0 = Debug|Any CPU
		{8700B73B-DE05-4FC4-9E0E-19FD67E81E1A}.Release|Any CPU.ActiveCfg = Release|Any CPU
		{8700B73B-DE05-4FC4-9E0E-19FD67E81E1A}.Release|Any CPU.Build.0 = Release|Any CPU
		{8700B73B-DE05-4FC4-9E0E-19FD67E81E1A}.Release|Any CPU.Deploy.0 = Release|Any CPU
		{8700B73B-DE05-4FC4-9E0E-19FD67E81E1A}.Release|ARM.ActiveCfg = Release|Any CPU
		{8700B73B-DE05-4FC4-9E0E-19FD67E81E1A}.Release|ARM.Build.0 = Release|Any CPU
		{8700B73B-DE05-4FC4-9E0E-19FD67E81E1A}.Release|ARM.Deploy.0 = Release|Any CPU
		{8700B73B-DE05-4FC4-9E0E-19FD67E81E1A}.Release|iPhone.ActiveCfg = Release|Any CPU
		{8700B73B-DE05-4FC4-9E0E-19FD67E81E1A}.Release|iPhone.Build.0 = Release|Any CPU
		{8700B73B-DE05-4FC4-9E0E-19FD67E81E1A}.Release|iPhone.Deploy.0 = Release|Any CPU
		{8700B73B-DE05-4FC4-9E0E-19FD67E81E1A}.Release|iPhoneSimulator.ActiveCfg = Release|Any CPU
		{8700B73B-DE05-4FC4-9E0E-19FD67E81E1A}.Release|iPhoneSimulator.Build.0 = Release|Any CPU
		{8700B73B-DE05-4FC4-9E0E-19FD67E81E1A}.Release|iPhoneSimulator.Deploy.0 = Release|Any CPU
		{8700B73B-DE05-4FC4-9E0E-19FD67E81E1A}.Release|x64.ActiveCfg = Release|Any CPU
		{8700B73B-DE05-4FC4-9E0E-19FD67E81E1A}.Release|x64.Build.0 = Release|Any CPU
		{8700B73B-DE05-4FC4-9E0E-19FD67E81E1A}.Release|x64.Deploy.0 = Release|Any CPU
		{8700B73B-DE05-4FC4-9E0E-19FD67E81E1A}.Release|x86.ActiveCfg = Release|Any CPU
		{8700B73B-DE05-4FC4-9E0E-19FD67E81E1A}.Release|x86.Build.0 = Release|Any CPU
		{8700B73B-DE05-4FC4-9E0E-19FD67E81E1A}.Release|x86.Deploy.0 = Release|Any CPU
		{95429F1F-64D5-44EF-9967-DFEAD224768B}.Ad-Hoc|Any CPU.ActiveCfg = Ad-Hoc|iPhone
		{95429F1F-64D5-44EF-9967-DFEAD224768B}.Ad-Hoc|ARM.ActiveCfg = Ad-Hoc|iPhone
		{95429F1F-64D5-44EF-9967-DFEAD224768B}.Ad-Hoc|iPhone.ActiveCfg = Ad-Hoc|iPhone
		{95429F1F-64D5-44EF-9967-DFEAD224768B}.Ad-Hoc|iPhone.Build.0 = Ad-Hoc|iPhone
		{95429F1F-64D5-44EF-9967-DFEAD224768B}.Ad-Hoc|iPhoneSimulator.ActiveCfg = Ad-Hoc|iPhoneSimulator
		{95429F1F-64D5-44EF-9967-DFEAD224768B}.Ad-Hoc|iPhoneSimulator.Build.0 = Ad-Hoc|iPhoneSimulator
		{95429F1F-64D5-44EF-9967-DFEAD224768B}.Ad-Hoc|x64.ActiveCfg = Ad-Hoc|iPhone
		{95429F1F-64D5-44EF-9967-DFEAD224768B}.Ad-Hoc|x86.ActiveCfg = Ad-Hoc|iPhone
		{95429F1F-64D5-44EF-9967-DFEAD224768B}.AppStore|Any CPU.ActiveCfg = AppStore|iPhone
		{95429F1F-64D5-44EF-9967-DFEAD224768B}.AppStore|ARM.ActiveCfg = AppStore|iPhone
		{95429F1F-64D5-44EF-9967-DFEAD224768B}.AppStore|iPhone.ActiveCfg = AppStore|iPhone
		{95429F1F-64D5-44EF-9967-DFEAD224768B}.AppStore|iPhone.Build.0 = AppStore|iPhone
		{95429F1F-64D5-44EF-9967-DFEAD224768B}.AppStore|iPhoneSimulator.ActiveCfg = AppStore|iPhoneSimulator
		{95429F1F-64D5-44EF-9967-DFEAD224768B}.AppStore|iPhoneSimulator.Build.0 = AppStore|iPhoneSimulator
		{95429F1F-64D5-44EF-9967-DFEAD224768B}.AppStore|x64.ActiveCfg = AppStore|iPhone
		{95429F1F-64D5-44EF-9967-DFEAD224768B}.AppStore|x86.ActiveCfg = AppStore|iPhone
		{95429F1F-64D5-44EF-9967-DFEAD224768B}.Debug|Any CPU.ActiveCfg = Debug|iPhone
		{95429F1F-64D5-44EF-9967-DFEAD224768B}.Debug|ARM.ActiveCfg = Debug|iPhone
		{95429F1F-64D5-44EF-9967-DFEAD224768B}.Debug|iPhone.ActiveCfg = Debug|iPhone
		{95429F1F-64D5-44EF-9967-DFEAD224768B}.Debug|iPhone.Build.0 = Debug|iPhone
		{95429F1F-64D5-44EF-9967-DFEAD224768B}.Debug|iPhoneSimulator.ActiveCfg = Debug|iPhoneSimulator
		{95429F1F-64D5-44EF-9967-DFEAD224768B}.Debug|iPhoneSimulator.Build.0 = Debug|iPhoneSimulator
		{95429F1F-64D5-44EF-9967-DFEAD224768B}.Debug|x64.ActiveCfg = Debug|iPhone
		{95429F1F-64D5-44EF-9967-DFEAD224768B}.Debug|x86.ActiveCfg = Debug|iPhone
		{95429F1F-64D5-44EF-9967-DFEAD224768B}.Release|Any CPU.ActiveCfg = Release|iPhone
		{95429F1F-64D5-44EF-9967-DFEAD224768B}.Release|ARM.ActiveCfg = Release|iPhone
		{95429F1F-64D5-44EF-9967-DFEAD224768B}.Release|iPhone.ActiveCfg = Release|iPhone
		{95429F1F-64D5-44EF-9967-DFEAD224768B}.Release|iPhone.Build.0 = Release|iPhone
		{95429F1F-64D5-44EF-9967-DFEAD224768B}.Release|iPhoneSimulator.ActiveCfg = Release|iPhoneSimulator
		{95429F1F-64D5-44EF-9967-DFEAD224768B}.Release|iPhoneSimulator.Build.0 = Release|iPhoneSimulator
		{95429F1F-64D5-44EF-9967-DFEAD224768B}.Release|x64.ActiveCfg = Release|iPhone
		{95429F1F-64D5-44EF-9967-DFEAD224768B}.Release|x86.ActiveCfg = Release|iPhone
		{418005ED-5809-47DA-BCE6-001362D7F81E}.Ad-Hoc|Any CPU.ActiveCfg = Release|x86
		{418005ED-5809-47DA-BCE6-001362D7F81E}.Ad-Hoc|Any CPU.Build.0 = Release|x86
		{418005ED-5809-47DA-BCE6-001362D7F81E}.Ad-Hoc|Any CPU.Deploy.0 = Release|x86
		{418005ED-5809-47DA-BCE6-001362D7F81E}.Ad-Hoc|ARM.ActiveCfg = Release|ARM
		{418005ED-5809-47DA-BCE6-001362D7F81E}.Ad-Hoc|ARM.Build.0 = Release|ARM
		{418005ED-5809-47DA-BCE6-001362D7F81E}.Ad-Hoc|ARM.Deploy.0 = Release|ARM
		{418005ED-5809-47DA-BCE6-001362D7F81E}.Ad-Hoc|iPhone.ActiveCfg = Release|x86
		{418005ED-5809-47DA-BCE6-001362D7F81E}.Ad-Hoc|iPhone.Build.0 = Release|x86
		{418005ED-5809-47DA-BCE6-001362D7F81E}.Ad-Hoc|iPhone.Deploy.0 = Release|x86
		{418005ED-5809-47DA-BCE6-001362D7F81E}.Ad-Hoc|iPhoneSimulator.ActiveCfg = Release|x86
		{418005ED-5809-47DA-BCE6-001362D7F81E}.Ad-Hoc|iPhoneSimulator.Build.0 = Release|x86
		{418005ED-5809-47DA-BCE6-001362D7F81E}.Ad-Hoc|iPhoneSimulator.Deploy.0 = Release|x86
		{418005ED-5809-47DA-BCE6-001362D7F81E}.Ad-Hoc|x64.ActiveCfg = Release|x64
		{418005ED-5809-47DA-BCE6-001362D7F81E}.Ad-Hoc|x64.Build.0 = Release|x64
		{418005ED-5809-47DA-BCE6-001362D7F81E}.Ad-Hoc|x64.Deploy.0 = Release|x64
		{418005ED-5809-47DA-BCE6-001362D7F81E}.Ad-Hoc|x86.ActiveCfg = Release|x86
		{418005ED-5809-47DA-BCE6-001362D7F81E}.Ad-Hoc|x86.Build.0 = Release|x86
		{418005ED-5809-47DA-BCE6-001362D7F81E}.Ad-Hoc|x86.Deploy.0 = Release|x86
		{418005ED-5809-47DA-BCE6-001362D7F81E}.AppStore|Any CPU.ActiveCfg = Release|x86
		{418005ED-5809-47DA-BCE6-001362D7F81E}.AppStore|Any CPU.Build.0 = Release|x86
		{418005ED-5809-47DA-BCE6-001362D7F81E}.AppStore|Any CPU.Deploy.0 = Release|x86
		{418005ED-5809-47DA-BCE6-001362D7F81E}.AppStore|ARM.ActiveCfg = Release|ARM
		{418005ED-5809-47DA-BCE6-001362D7F81E}.AppStore|ARM.Build.0 = Release|ARM
		{418005ED-5809-47DA-BCE6-001362D7F81E}.AppStore|ARM.Deploy.0 = Release|ARM
		{418005ED-5809-47DA-BCE6-001362D7F81E}.AppStore|iPhone.ActiveCfg = Release|x86
		{418005ED-5809-47DA-BCE6-001362D7F81E}.AppStore|iPhone.Build.0 = Release|x86
		{418005ED-5809-47DA-BCE6-001362D7F81E}.AppStore|iPhone.Deploy.0 = Release|x86
		{418005ED-5809-47DA-BCE6-001362D7F81E}.AppStore|iPhoneSimulator.ActiveCfg = Release|x86
		{418005ED-5809-47DA-BCE6-001362D7F81E}.AppStore|iPhoneSimulator.Build.0 = Release|x86
		{418005ED-5809-47DA-BCE6-001362D7F81E}.AppStore|iPhoneSimulator.Deploy.0 = Release|x86
		{418005ED-5809-47DA-BCE6-001362D7F81E}.AppStore|x64.ActiveCfg = Release|x64
		{418005ED-5809-47DA-BCE6-001362D7F81E}.AppStore|x64.Build.0 = Release|x64
		{418005ED-5809-47DA-BCE6-001362D7F81E}.AppStore|x64.Deploy.0 = Release|x64
		{418005ED-5809-47DA-BCE6-001362D7F81E}.AppStore|x86.ActiveCfg = Release|x86
		{418005ED-5809-47DA-BCE6-001362D7F81E}.AppStore|x86.Build.0 = Release|x86
		{418005ED-5809-47DA-BCE6-001362D7F81E}.AppStore|x86.Deploy.0 = Release|x86
		{418005ED-5809-47DA-BCE6-001362D7F81E}.Debug|Any CPU.ActiveCfg = Debug|x86
		{418005ED-5809-47DA-BCE6-001362D7F81E}.Debug|ARM.ActiveCfg = Debug|ARM
		{418005ED-5809-47DA-BCE6-001362D7F81E}.Debug|ARM.Build.0 = Debug|ARM
		{418005ED-5809-47DA-BCE6-001362D7F81E}.Debug|ARM.Deploy.0 = Debug|ARM
		{418005ED-5809-47DA-BCE6-001362D7F81E}.Debug|iPhone.ActiveCfg = Debug|x86
		{418005ED-5809-47DA-BCE6-001362D7F81E}.Debug|iPhoneSimulator.ActiveCfg = Debug|x86
		{418005ED-5809-47DA-BCE6-001362D7F81E}.Debug|x64.ActiveCfg = Debug|x64
		{418005ED-5809-47DA-BCE6-001362D7F81E}.Debug|x64.Build.0 = Debug|x64
		{418005ED-5809-47DA-BCE6-001362D7F81E}.Debug|x64.Deploy.0 = Debug|x64
		{418005ED-5809-47DA-BCE6-001362D7F81E}.Debug|x86.ActiveCfg = Debug|x86
		{418005ED-5809-47DA-BCE6-001362D7F81E}.Debug|x86.Build.0 = Debug|x86
		{418005ED-5809-47DA-BCE6-001362D7F81E}.Debug|x86.Deploy.0 = Debug|x86
		{418005ED-5809-47DA-BCE6-001362D7F81E}.Release|Any CPU.ActiveCfg = Release|x86
		{418005ED-5809-47DA-BCE6-001362D7F81E}.Release|ARM.ActiveCfg = Release|ARM
		{418005ED-5809-47DA-BCE6-001362D7F81E}.Release|ARM.Build.0 = Release|ARM
		{418005ED-5809-47DA-BCE6-001362D7F81E}.Release|ARM.Deploy.0 = Release|ARM
		{418005ED-5809-47DA-BCE6-001362D7F81E}.Release|iPhone.ActiveCfg = Release|x86
		{418005ED-5809-47DA-BCE6-001362D7F81E}.Release|iPhoneSimulator.ActiveCfg = Release|x86
		{418005ED-5809-47DA-BCE6-001362D7F81E}.Release|x64.ActiveCfg = Release|x64
		{418005ED-5809-47DA-BCE6-001362D7F81E}.Release|x64.Build.0 = Release|x64
		{418005ED-5809-47DA-BCE6-001362D7F81E}.Release|x64.Deploy.0 = Release|x64
		{418005ED-5809-47DA-BCE6-001362D7F81E}.Release|x86.ActiveCfg = Release|x86
		{418005ED-5809-47DA-BCE6-001362D7F81E}.Release|x86.Build.0 = Release|x86
		{418005ED-5809-47DA-BCE6-001362D7F81E}.Release|x86.Deploy.0 = Release|x86
	EndGlobalSection
	GlobalSection(SolutionProperties) = preSolution
		HideSolutionNode = FALSE
	EndGlobalSection
EndGlobal
